
Microsoft Visual Studio Solution File, Format Version 12.00
# Visual Studio Version 17
VisualStudioVersion = 17.2.32602.215
MinimumVisualStudioVersion = 10.0.40219.1
Project("{FAE04EC0-301F-11D3-BF4B-00C04F79EFBC}") = "Pallindrome", "Pallindrome\Pallindrome.csproj", "{2D350DFF-E756-452F-A6F8-078D3B14C5A9}"
EndProject
Global
	GlobalSection(SolutionConfigurationPlatforms) = preSolution
		Debug|Any CPU = Debug|Any CPU
		Release|Any CPU = Release|Any CPU
	EndGlobalSection
	GlobalSection(ProjectConfigurationPlatforms) = postSolution
		{2D350DFF-E756-452F-A6F8-078D3B14C5A9}.Debug|Any CPU.ActiveCfg = Debug|Any CPU
		{2D350DFF-E756-452F-A6F8-078D3B14C5A9}.Debug|Any CPU.Build.0 = Debug|Any CPU
		{2D350DFF-E756-452F-A6F8-078D3B14C5A9}.Release|Any CPU.ActiveCfg = Release|Any CPU
		{2D350DFF-E756-452F-A6F8-078D3B14C5A9}.Release|Any CPU.Build.0 = Release|Any CPU
	EndGlobalSection
	GlobalSection(SolutionProperties) = preSolution
		HideSolutionNode = FALSE
	EndGlobalSection
	GlobalSection(ExtensibilityGlobals) = postSolution
		SolutionGuid = {03F3F007-9679-4BE7-851B-18F0843646CE}
	EndGlobalSection
EndGlobal
