
Microsoft Visual Studio Solution File, Format Version 12.00
# Visual Studio Version 17
VisualStudioVersion = 17.2.32602.215
MinimumVisualStudioVersion = 10.0.40219.1
Project("{FAE04EC0-301F-11D3-BF4B-00C04F79EFBC}") = "multiple_inheritance_through_interface", "multiple_inheritance_through_interface\multiple_inheritance_through_interface.csproj", "{38F02C9D-14BD-49BD-BE1E-E9002A1AA47C}"
EndProject
Global
	GlobalSection(SolutionConfigurationPlatforms) = preSolution
		Debug|Any CPU = Debug|Any CPU
		Release|Any CPU = Release|Any CPU
	EndGlobalSection
	GlobalSection(ProjectConfigurationPlatforms) = postSolution
		{38F02C9D-14BD-49BD-BE1E-E9002A1AA47C}.Debug|Any CPU.ActiveCfg = Debug|Any CPU
		{38F02C9D-14BD-49BD-BE1E-E9002A1AA47C}.Debug|Any CPU.Build.0 = Debug|Any CPU
		{38F02C9D-14BD-49BD-BE1E-E9002A1AA47C}.Release|Any CPU.ActiveCfg = Release|Any CPU
		{38F02C9D-14BD-49BD-BE1E-E9002A1AA47C}.Release|Any CPU.Build.0 = Release|Any CPU
	EndGlobalSection
	GlobalSection(SolutionProperties) = preSolution
		HideSolutionNode = FALSE
	EndGlobalSection
	GlobalSection(ExtensibilityGlobals) = postSolution
		SolutionGuid = {1DA44EC0-E8AC-400D-8AE0-6A627FCB17A2}
	EndGlobalSection
EndGlobal
