
Microsoft Visual Studio Solution File, Format Version 12.00
# Visual Studio Version 17
VisualStudioVersion = 17.2.32602.215
MinimumVisualStudioVersion = 10.0.40219.1
Project("{FAE04EC0-301F-11D3-BF4B-00C04F79EFBC}") = "max_and_min_value_in_array", "max_and_min_value_in_array\max_and_min_value_in_array.csproj", "{300659BD-2520-4BF5-9668-7D1CCD3BFB72}"
EndProject
Global
	GlobalSection(SolutionConfigurationPlatforms) = preSolution
		Debug|Any CPU = Debug|Any CPU
		Release|Any CPU = Release|Any CPU
	EndGlobalSection
	GlobalSection(ProjectConfigurationPlatforms) = postSolution
		{300659BD-2520-4BF5-9668-7D1CCD3BFB72}.Debug|Any CPU.ActiveCfg = Debug|Any CPU
		{300659BD-2520-4BF5-9668-7D1CCD3BFB72}.Debug|Any CPU.Build.0 = Debug|Any CPU
		{300659BD-2520-4BF5-9668-7D1CCD3BFB72}.Release|Any CPU.ActiveCfg = Release|Any CPU
		{300659BD-2520-4BF5-9668-7D1CCD3BFB72}.Release|Any CPU.Build.0 = Release|Any CPU
	EndGlobalSection
	GlobalSection(SolutionProperties) = preSolution
		HideSolutionNode = FALSE
	EndGlobalSection
	GlobalSection(ExtensibilityGlobals) = postSolution
		SolutionGuid = {9551356A-77E8-4584-9101-A6FB27122F4E}
	EndGlobalSection
EndGlobal
