
Microsoft Visual Studio Solution File, Format Version 12.00
# Visual Studio Version 17
VisualStudioVersion = 17.2.32630.192
MinimumVisualStudioVersion = 10.0.40219.1
Project("{FAE04EC0-301F-11D3-BF4B-00C04F79EFBC}") = "IteratingThroughLinkedList", "IteratingThroughLinkedList\IteratingThroughLinkedList.csproj", "{97E357C8-6E99-4037-B493-D6F239ADCD8D}"
EndProject
Global
	GlobalSection(SolutionConfigurationPlatforms) = preSolution
		Debug|Any CPU = Debug|Any CPU
		Release|Any CPU = Release|Any CPU
	EndGlobalSection
	GlobalSection(ProjectConfigurationPlatforms) = postSolution
		{97E357C8-6E99-4037-B493-D6F239ADCD8D}.Debug|Any CPU.ActiveCfg = Debug|Any CPU
		{97E357C8-6E99-4037-B493-D6F239ADCD8D}.Debug|Any CPU.Build.0 = Debug|Any CPU
		{97E357C8-6E99-4037-B493-D6F239ADCD8D}.Release|Any CPU.ActiveCfg = Release|Any CPU
		{97E357C8-6E99-4037-B493-D6F239ADCD8D}.Release|Any CPU.Build.0 = Release|Any CPU
	EndGlobalSection
	GlobalSection(SolutionProperties) = preSolution
		HideSolutionNode = FALSE
	EndGlobalSection
	GlobalSection(ExtensibilityGlobals) = postSolution
		SolutionGuid = {214027DD-73EC-4B42-9453-F36FC51EC52F}
	EndGlobalSection
EndGlobal
