
Microsoft Visual Studio Solution File, Format Version 12.00
# Visual Studio Version 17
VisualStudioVersion = 17.2.32630.192
MinimumVisualStudioVersion = 10.0.40219.1
Project("{FAE04EC0-301F-11D3-BF4B-00C04F79EFBC}") = "ZohoRomanToDecimal", "ZohoRomanToDecimal\ZohoRomanToDecimal.csproj", "{6515541D-014A-4570-9D10-408D9C69F5CE}"
EndProject
Global
	GlobalSection(SolutionConfigurationPlatforms) = preSolution
		Debug|Any CPU = Debug|Any CPU
		Release|Any CPU = Release|Any CPU
	EndGlobalSection
	GlobalSection(ProjectConfigurationPlatforms) = postSolution
		{6515541D-014A-4570-9D10-408D9C69F5CE}.Debug|Any CPU.ActiveCfg = Debug|Any CPU
		{6515541D-014A-4570-9D10-408D9C69F5CE}.Debug|Any CPU.Build.0 = Debug|Any CPU
		{6515541D-014A-4570-9D10-408D9C69F5CE}.Release|Any CPU.ActiveCfg = Release|Any CPU
		{6515541D-014A-4570-9D10-408D9C69F5CE}.Release|Any CPU.Build.0 = Release|Any CPU
	EndGlobalSection
	GlobalSection(SolutionProperties) = preSolution
		HideSolutionNode = FALSE
	EndGlobalSection
	GlobalSection(ExtensibilityGlobals) = postSolution
		SolutionGuid = {1A8F007B-6595-4DFD-AD98-B8659DE84F61}
	EndGlobalSection
EndGlobal
