
Microsoft Visual Studio Solution File, Format Version 12.00
# Visual Studio Version 17
VisualStudioVersion = 17.2.32602.215
MinimumVisualStudioVersion = 10.0.40219.1
Project("{FAE04EC0-301F-11D3-BF4B-00C04F79EFBC}") = "12hrs_to_24hrs", "12hrs_to_24hrs\12hrs_to_24hrs.csproj", "{290A73DB-B4DE-4DC0-AFF8-8D33FBFE3F89}"
EndProject
Global
	GlobalSection(SolutionConfigurationPlatforms) = preSolution
		Debug|Any CPU = Debug|Any CPU
		Release|Any CPU = Release|Any CPU
	EndGlobalSection
	GlobalSection(ProjectConfigurationPlatforms) = postSolution
		{290A73DB-B4DE-4DC0-AFF8-8D33FBFE3F89}.Debug|Any CPU.ActiveCfg = Debug|Any CPU
		{290A73DB-B4DE-4DC0-AFF8-8D33FBFE3F89}.Debug|Any CPU.Build.0 = Debug|Any CPU
		{290A73DB-B4DE-4DC0-AFF8-8D33FBFE3F89}.Release|Any CPU.ActiveCfg = Release|Any CPU
		{290A73DB-B4DE-4DC0-AFF8-8D33FBFE3F89}.Release|Any CPU.Build.0 = Release|Any CPU
	EndGlobalSection
	GlobalSection(SolutionProperties) = preSolution
		HideSolutionNode = FALSE
	EndGlobalSection
	GlobalSection(ExtensibilityGlobals) = postSolution
		SolutionGuid = {AA19867A-5CAC-41CC-A789-57CAB791EFA8}
	EndGlobalSection
EndGlobal
