
Microsoft Visual Studio Solution File, Format Version 12.00
# Visual Studio Version 17
VisualStudioVersion = 17.2.32630.192
MinimumVisualStudioVersion = 10.0.40219.1
Project("{FAE04EC0-301F-11D3-BF4B-00C04F79EFBC}") = "CreationalDesignPatternFactoryMethod", "CreationalDesignPatternFactoryMethod\CreationalDesignPatternFactoryMethod.csproj", "{81BFA54B-DA54-44E2-8138-9EC52B16717B}"
EndProject
Global
	GlobalSection(SolutionConfigurationPlatforms) = preSolution
		Debug|Any CPU = Debug|Any CPU
		Release|Any CPU = Release|Any CPU
	EndGlobalSection
	GlobalSection(ProjectConfigurationPlatforms) = postSolution
		{81BFA54B-DA54-44E2-8138-9EC52B16717B}.Debug|Any CPU.ActiveCfg = Debug|Any CPU
		{81BFA54B-DA54-44E2-8138-9EC52B16717B}.Debug|Any CPU.Build.0 = Debug|Any CPU
		{81BFA54B-DA54-44E2-8138-9EC52B16717B}.Release|Any CPU.ActiveCfg = Release|Any CPU
		{81BFA54B-DA54-44E2-8138-9EC52B16717B}.Release|Any CPU.Build.0 = Release|Any CPU
	EndGlobalSection
	GlobalSection(SolutionProperties) = preSolution
		HideSolutionNode = FALSE
	EndGlobalSection
	GlobalSection(ExtensibilityGlobals) = postSolution
		SolutionGuid = {A7FAC609-DA1E-4490-B257-6A8B8A7ABAB3}
	EndGlobalSection
EndGlobal
