
Microsoft Visual Studio Solution File, Format Version 12.00
# Visual Studio Version 17
VisualStudioVersion = 17.2.32630.192
MinimumVisualStudioVersion = 10.0.40219.1
Project("{FAE04EC0-301F-11D3-BF4B-00C04F79EFBC}") = "ZohoCountingSort", "ZohoCountingSort\ZohoCountingSort.csproj", "{526752CD-735B-431D-8870-96F606A34188}"
EndProject
Global
	GlobalSection(SolutionConfigurationPlatforms) = preSolution
		Debug|Any CPU = Debug|Any CPU
		Release|Any CPU = Release|Any CPU
	EndGlobalSection
	GlobalSection(ProjectConfigurationPlatforms) = postSolution
		{526752CD-735B-431D-8870-96F606A34188}.Debug|Any CPU.ActiveCfg = Debug|Any CPU
		{526752CD-735B-431D-8870-96F606A34188}.Debug|Any CPU.Build.0 = Debug|Any CPU
		{526752CD-735B-431D-8870-96F606A34188}.Release|Any CPU.ActiveCfg = Release|Any CPU
		{526752CD-735B-431D-8870-96F606A34188}.Release|Any CPU.Build.0 = Release|Any CPU
	EndGlobalSection
	GlobalSection(SolutionProperties) = preSolution
		HideSolutionNode = FALSE
	EndGlobalSection
	GlobalSection(ExtensibilityGlobals) = postSolution
		SolutionGuid = {1B4F8007-CE28-4ABA-9682-BE20F4B92AC5}
	EndGlobalSection
EndGlobal
