
Microsoft Visual Studio Solution File, Format Version 12.00
# Visual Studio Version 17
VisualStudioVersion = 17.2.32602.215
MinimumVisualStudioVersion = 10.0.40219.1
Project("{FAE04EC0-301F-11D3-BF4B-00C04F79EFBC}") = "AggregationAndFilterArray", "AggregationAndFilterArray\AggregationAndFilterArray.csproj", "{12003E85-953E-4AE3-9F52-AAEE896A147D}"
EndProject
Global
	GlobalSection(SolutionConfigurationPlatforms) = preSolution
		Debug|Any CPU = Debug|Any CPU
		Release|Any CPU = Release|Any CPU
	EndGlobalSection
	GlobalSection(ProjectConfigurationPlatforms) = postSolution
		{12003E85-953E-4AE3-9F52-AAEE896A147D}.Debug|Any CPU.ActiveCfg = Debug|Any CPU
		{12003E85-953E-4AE3-9F52-AAEE896A147D}.Debug|Any CPU.Build.0 = Debug|Any CPU
		{12003E85-953E-4AE3-9F52-AAEE896A147D}.Release|Any CPU.ActiveCfg = Release|Any CPU
		{12003E85-953E-4AE3-9F52-AAEE896A147D}.Release|Any CPU.Build.0 = Release|Any CPU
	EndGlobalSection
	GlobalSection(SolutionProperties) = preSolution
		HideSolutionNode = FALSE
	EndGlobalSection
	GlobalSection(ExtensibilityGlobals) = postSolution
		SolutionGuid = {1175B024-3DBC-4288-B47D-6C968E87893C}
	EndGlobalSection
EndGlobal
