
Microsoft Visual Studio Solution File, Format Version 12.00
# Visual Studio Version 17
VisualStudioVersion = 17.2.32630.192
MinimumVisualStudioVersion = 10.0.40219.1
Project("{FAE04EC0-301F-11D3-BF4B-00C04F79EFBC}") = "LinkedinDelegate", "LinkedinDelegate\LinkedinDelegate.csproj", "{9CD352C2-BB14-410A-854E-8A67B7ACF666}"
EndProject
Global
	GlobalSection(SolutionConfigurationPlatforms) = preSolution
		Debug|Any CPU = Debug|Any CPU
		Release|Any CPU = Release|Any CPU
	EndGlobalSection
	GlobalSection(ProjectConfigurationPlatforms) = postSolution
		{9CD352C2-BB14-410A-854E-8A67B7ACF666}.Debug|Any CPU.ActiveCfg = Debug|Any CPU
		{9CD352C2-BB14-410A-854E-8A67B7ACF666}.Debug|Any CPU.Build.0 = Debug|Any CPU
		{9CD352C2-BB14-410A-854E-8A67B7ACF666}.Release|Any CPU.ActiveCfg = Release|Any CPU
		{9CD352C2-BB14-410A-854E-8A67B7ACF666}.Release|Any CPU.Build.0 = Release|Any CPU
	EndGlobalSection
	GlobalSection(SolutionProperties) = preSolution
		HideSolutionNode = FALSE
	EndGlobalSection
	GlobalSection(ExtensibilityGlobals) = postSolution
		SolutionGuid = {ADBF4674-9F07-44F4-BC22-B5FF908B84C2}
	EndGlobalSection
EndGlobal
