
Microsoft Visual Studio Solution File, Format Version 12.00
# Visual Studio Version 17
VisualStudioVersion = 17.2.32630.192
MinimumVisualStudioVersion = 10.0.40219.1
Project("{FAE04EC0-301F-11D3-BF4B-00C04F79EFBC}") = "DynamicMosh", "DynamicMosh\DynamicMosh.csproj", "{B9E7541A-8D93-4F1C-8B43-4B7444EBECD1}"
EndProject
Global
	GlobalSection(SolutionConfigurationPlatforms) = preSolution
		Debug|Any CPU = Debug|Any CPU
		Release|Any CPU = Release|Any CPU
	EndGlobalSection
	GlobalSection(ProjectConfigurationPlatforms) = postSolution
		{B9E7541A-8D93-4F1C-8B43-4B7444EBECD1}.Debug|Any CPU.ActiveCfg = Debug|Any CPU
		{B9E7541A-8D93-4F1C-8B43-4B7444EBECD1}.Debug|Any CPU.Build.0 = Debug|Any CPU
		{B9E7541A-8D93-4F1C-8B43-4B7444EBECD1}.Release|Any CPU.ActiveCfg = Release|Any CPU
		{B9E7541A-8D93-4F1C-8B43-4B7444EBECD1}.Release|Any CPU.Build.0 = Release|Any CPU
	EndGlobalSection
	GlobalSection(SolutionProperties) = preSolution
		HideSolutionNode = FALSE
	EndGlobalSection
	GlobalSection(ExtensibilityGlobals) = postSolution
		SolutionGuid = {AA127A86-06F5-4FA2-A7B5-DA9C2523048A}
	EndGlobalSection
EndGlobal
