
Microsoft Visual Studio Solution File, Format Version 12.00
# Visual Studio Version 17
VisualStudioVersion = 17.2.32630.192
MinimumVisualStudioVersion = 10.0.40219.1
Project("{FAE04EC0-301F-11D3-BF4B-00C04F79EFBC}") = "ZohoIntersectionPointinYShapedLinkedLsit", "ZohoIntersectionPointinYShapedLinkedLsit\ZohoIntersectionPointinYShapedLinkedLsit.csproj", "{3B3ECC7E-E9C5-452F-8243-19EC3C00BE44}"
EndProject
Global
	GlobalSection(SolutionConfigurationPlatforms) = preSolution
		Debug|Any CPU = Debug|Any CPU
		Release|Any CPU = Release|Any CPU
	EndGlobalSection
	GlobalSection(ProjectConfigurationPlatforms) = postSolution
		{3B3ECC7E-E9C5-452F-8243-19EC3C00BE44}.Debug|Any CPU.ActiveCfg = Debug|Any CPU
		{3B3ECC7E-E9C5-452F-8243-19EC3C00BE44}.Debug|Any CPU.Build.0 = Debug|Any CPU
		{3B3ECC7E-E9C5-452F-8243-19EC3C00BE44}.Release|Any CPU.ActiveCfg = Release|Any CPU
		{3B3ECC7E-E9C5-452F-8243-19EC3C00BE44}.Release|Any CPU.Build.0 = Release|Any CPU
	EndGlobalSection
	GlobalSection(SolutionProperties) = preSolution
		HideSolutionNode = FALSE
	EndGlobalSection
	GlobalSection(ExtensibilityGlobals) = postSolution
		SolutionGuid = {405926EA-EFB0-4C80-8E5C-67DE5D2ED49D}
	EndGlobalSection
EndGlobal
