
Microsoft Visual Studio Solution File, Format Version 12.00
# Visual Studio Version 17
VisualStudioVersion = 17.2.32602.215
MinimumVisualStudioVersion = 10.0.40219.1
Project("{FAE04EC0-301F-11D3-BF4B-00C04F79EFBC}") = "rotate array", "rotate array\rotate array.csproj", "{5A6509E0-98CE-4AC9-8028-2C2D0DBE9535}"
EndProject
Global
	GlobalSection(SolutionConfigurationPlatforms) = preSolution
		Debug|Any CPU = Debug|Any CPU
		Release|Any CPU = Release|Any CPU
	EndGlobalSection
	GlobalSection(ProjectConfigurationPlatforms) = postSolution
		{5A6509E0-98CE-4AC9-8028-2C2D0DBE9535}.Debug|Any CPU.ActiveCfg = Debug|Any CPU
		{5A6509E0-98CE-4AC9-8028-2C2D0DBE9535}.Debug|Any CPU.Build.0 = Debug|Any CPU
		{5A6509E0-98CE-4AC9-8028-2C2D0DBE9535}.Release|Any CPU.ActiveCfg = Release|Any CPU
		{5A6509E0-98CE-4AC9-8028-2C2D0DBE9535}.Release|Any CPU.Build.0 = Release|Any CPU
	EndGlobalSection
	GlobalSection(SolutionProperties) = preSolution
		HideSolutionNode = FALSE
	EndGlobalSection
	GlobalSection(ExtensibilityGlobals) = postSolution
		SolutionGuid = {B60AF6A3-892F-4ED3-9C04-64329E5B616E}
	EndGlobalSection
EndGlobal
