
Microsoft Visual Studio Solution File, Format Version 12.00
# Visual Studio Version 17
VisualStudioVersion = 17.2.32602.215
MinimumVisualStudioVersion = 10.0.40219.1
Project("{FAE04EC0-301F-11D3-BF4B-00C04F79EFBC}") = "OVERRIDE", "OVERRIDE\OVERRIDE.csproj", "{679A6613-5092-4B84-9333-373EB4BE58A9}"
EndProject
Global
	GlobalSection(SolutionConfigurationPlatforms) = preSolution
		Debug|Any CPU = Debug|Any CPU
		Release|Any CPU = Release|Any CPU
	EndGlobalSection
	GlobalSection(ProjectConfigurationPlatforms) = postSolution
		{679A6613-5092-4B84-9333-373EB4BE58A9}.Debug|Any CPU.ActiveCfg = Debug|Any CPU
		{679A6613-5092-4B84-9333-373EB4BE58A9}.Debug|Any CPU.Build.0 = Debug|Any CPU
		{679A6613-5092-4B84-9333-373EB4BE58A9}.Release|Any CPU.ActiveCfg = Release|Any CPU
		{679A6613-5092-4B84-9333-373EB4BE58A9}.Release|Any CPU.Build.0 = Release|Any CPU
	EndGlobalSection
	GlobalSection(SolutionProperties) = preSolution
		HideSolutionNode = FALSE
	EndGlobalSection
	GlobalSection(ExtensibilityGlobals) = postSolution
		SolutionGuid = {564F6760-F058-4856-A197-05BDD99068CA}
	EndGlobalSection
EndGlobal
