
Microsoft Visual Studio Solution File, Format Version 12.00
# Visual Studio Version 17
VisualStudioVersion = 17.2.32602.215
MinimumVisualStudioVersion = 10.0.40219.1
Project("{FAE04EC0-301F-11D3-BF4B-00C04F79EFBC}") = "INDEXER", "INDEXER\INDEXER.csproj", "{971AEBD5-7F2C-495C-820E-0D7813360E5B}"
EndProject
Global
	GlobalSection(SolutionConfigurationPlatforms) = preSolution
		Debug|Any CPU = Debug|Any CPU
		Release|Any CPU = Release|Any CPU
	EndGlobalSection
	GlobalSection(ProjectConfigurationPlatforms) = postSolution
		{971AEBD5-7F2C-495C-820E-0D7813360E5B}.Debug|Any CPU.ActiveCfg = Debug|Any CPU
		{971AEBD5-7F2C-495C-820E-0D7813360E5B}.Debug|Any CPU.Build.0 = Debug|Any CPU
		{971AEBD5-7F2C-495C-820E-0D7813360E5B}.Release|Any CPU.ActiveCfg = Release|Any CPU
		{971AEBD5-7F2C-495C-820E-0D7813360E5B}.Release|Any CPU.Build.0 = Release|Any CPU
	EndGlobalSection
	GlobalSection(SolutionProperties) = preSolution
		HideSolutionNode = FALSE
	EndGlobalSection
	GlobalSection(ExtensibilityGlobals) = postSolution
		SolutionGuid = {D642467C-9D9B-4DEE-B9B7-686EFFB725DA}
	EndGlobalSection
EndGlobal
