
Microsoft Visual Studio Solution File, Format Version 12.00
# Visual Studio Version 17
VisualStudioVersion = 17.2.32630.192
MinimumVisualStudioVersion = 10.0.40219.1
Project("{FAE04EC0-301F-11D3-BF4B-00C04F79EFBC}") = "TaxiBookingAppln", "TaxiBookingAppln\TaxiBookingAppln.csproj", "{93F3D452-413A-49F5-B222-3EF6E31D0E21}"
EndProject
Global
	GlobalSection(SolutionConfigurationPlatforms) = preSolution
		Debug|Any CPU = Debug|Any CPU
		Release|Any CPU = Release|Any CPU
	EndGlobalSection
	GlobalSection(ProjectConfigurationPlatforms) = postSolution
		{93F3D452-413A-49F5-B222-3EF6E31D0E21}.Debug|Any CPU.ActiveCfg = Debug|Any CPU
		{93F3D452-413A-49F5-B222-3EF6E31D0E21}.Debug|Any CPU.Build.0 = Debug|Any CPU
		{93F3D452-413A-49F5-B222-3EF6E31D0E21}.Release|Any CPU.ActiveCfg = Release|Any CPU
		{93F3D452-413A-49F5-B222-3EF6E31D0E21}.Release|Any CPU.Build.0 = Release|Any CPU
	EndGlobalSection
	GlobalSection(SolutionProperties) = preSolution
		HideSolutionNode = FALSE
	EndGlobalSection
	GlobalSection(ExtensibilityGlobals) = postSolution
		SolutionGuid = {E1F90EE8-1F75-46EA-8E53-D94CFBBB3019}
	EndGlobalSection
EndGlobal
