
Microsoft Visual Studio Solution File, Format Version 12.00
# Visual Studio Version 17
VisualStudioVersion = 17.2.32602.215
MinimumVisualStudioVersion = 10.0.40219.1
Project("{FAE04EC0-301F-11D3-BF4B-00C04F79EFBC}") = "string_stringbuilder", "string_stringbuilder\string_stringbuilder.csproj", "{60F9B0AB-E77F-42C3-933F-F64B029D6633}"
EndProject
Global
	GlobalSection(SolutionConfigurationPlatforms) = preSolution
		Debug|Any CPU = Debug|Any CPU
		Release|Any CPU = Release|Any CPU
	EndGlobalSection
	GlobalSection(ProjectConfigurationPlatforms) = postSolution
		{60F9B0AB-E77F-42C3-933F-F64B029D6633}.Debug|Any CPU.ActiveCfg = Debug|Any CPU
		{60F9B0AB-E77F-42C3-933F-F64B029D6633}.Debug|Any CPU.Build.0 = Debug|Any CPU
		{60F9B0AB-E77F-42C3-933F-F64B029D6633}.Release|Any CPU.ActiveCfg = Release|Any CPU
		{60F9B0AB-E77F-42C3-933F-F64B029D6633}.Release|Any CPU.Build.0 = Release|Any CPU
	EndGlobalSection
	GlobalSection(SolutionProperties) = preSolution
		HideSolutionNode = FALSE
	EndGlobalSection
	GlobalSection(ExtensibilityGlobals) = postSolution
		SolutionGuid = {4C7E59C8-7D6F-4FE3-84AB-0EF5C8323A6C}
	EndGlobalSection
EndGlobal
