
Microsoft Visual Studio Solution File, Format Version 12.00
# Visual Studio Version 17
VisualStudioVersion = 17.2.32630.192
MinimumVisualStudioVersion = 10.0.40219.1
Project("{FAE04EC0-301F-11D3-BF4B-00C04F79EFBC}") = "ZohoPrintBracketNo", "ZohoPrintBracketNo\ZohoPrintBracketNo.csproj", "{8B13F575-0C0A-44BD-8F53-D7230DFF3F3A}"
EndProject
Global
	GlobalSection(SolutionConfigurationPlatforms) = preSolution
		Debug|Any CPU = Debug|Any CPU
		Release|Any CPU = Release|Any CPU
	EndGlobalSection
	GlobalSection(ProjectConfigurationPlatforms) = postSolution
		{8B13F575-0C0A-44BD-8F53-D7230DFF3F3A}.Debug|Any CPU.ActiveCfg = Debug|Any CPU
		{8B13F575-0C0A-44BD-8F53-D7230DFF3F3A}.Debug|Any CPU.Build.0 = Debug|Any CPU
		{8B13F575-0C0A-44BD-8F53-D7230DFF3F3A}.Release|Any CPU.ActiveCfg = Release|Any CPU
		{8B13F575-0C0A-44BD-8F53-D7230DFF3F3A}.Release|Any CPU.Build.0 = Release|Any CPU
	EndGlobalSection
	GlobalSection(SolutionProperties) = preSolution
		HideSolutionNode = FALSE
	EndGlobalSection
	GlobalSection(ExtensibilityGlobals) = postSolution
		SolutionGuid = {F3BC84D0-38AD-4DC3-B6E2-5669449240DB}
	EndGlobalSection
EndGlobal
