
Microsoft Visual Studio Solution File, Format Version 12.00
# Visual Studio Version 17
VisualStudioVersion = 17.2.32602.215
MinimumVisualStudioVersion = 10.0.40219.1
Project("{9A19103F-16F7-4668-BE54-9A1E7A4F7556}") = "ACMPROJECT", "ACMPROJECT\ACMPROJECT.csproj", "{B79D7212-AC9B-401A-9D4E-36D85019F901}"
EndProject
Project("{2150E333-8FDC-42A3-9474-1A3956D46DE8}") = "ACMPROJECTTEST", "ACMPROJECTTEST", "{559E1007-F5E3-41F5-BBC5-FBC589F9ABCE}"
EndProject
Project("{FAE04EC0-301F-11D3-BF4B-00C04F79EFBC}") = "ACMPROJECTTEST", "ACMPROJECTTEST\ACMPROJECTTEST.csproj", "{674CCCD5-51E2-44DB-95F5-423B54A5F36E}"
EndProject
Global
	GlobalSection(SolutionConfigurationPlatforms) = preSolution
		Debug|Any CPU = Debug|Any CPU
		Release|Any CPU = Release|Any CPU
	EndGlobalSection
	GlobalSection(ProjectConfigurationPlatforms) = postSolution
		{B79D7212-AC9B-401A-9D4E-36D85019F901}.Debug|Any CPU.ActiveCfg = Debug|Any CPU
		{B79D7212-AC9B-401A-9D4E-36D85019F901}.Debug|Any CPU.Build.0 = Debug|Any CPU
		{B79D7212-AC9B-401A-9D4E-36D85019F901}.Release|Any CPU.ActiveCfg = Release|Any CPU
		{B79D7212-AC9B-401A-9D4E-36D85019F901}.Release|Any CPU.Build.0 = Release|Any CPU
		{674CCCD5-51E2-44DB-95F5-423B54A5F36E}.Debug|Any CPU.ActiveCfg = Debug|Any CPU
		{674CCCD5-51E2-44DB-95F5-423B54A5F36E}.Debug|Any CPU.Build.0 = Debug|Any CPU
		{674CCCD5-51E2-44DB-95F5-423B54A5F36E}.Release|Any CPU.ActiveCfg = Release|Any CPU
		{674CCCD5-51E2-44DB-95F5-423B54A5F36E}.Release|Any CPU.Build.0 = Release|Any CPU
	EndGlobalSection
	GlobalSection(SolutionProperties) = preSolution
		HideSolutionNode = FALSE
	EndGlobalSection
	GlobalSection(NestedProjects) = preSolution
		{674CCCD5-51E2-44DB-95F5-423B54A5F36E} = {559E1007-F5E3-41F5-BBC5-FBC589F9ABCE}
	EndGlobalSection
	GlobalSection(ExtensibilityGlobals) = postSolution
		SolutionGuid = {83C9446E-6C24-406C-8144-0B351F2B767B}
	EndGlobalSection
EndGlobal
