
Microsoft Visual Studio Solution File, Format Version 12.00
# Visual Studio Version 17
VisualStudioVersion = 17.2.32630.192
MinimumVisualStudioVersion = 10.0.40219.1
Project("{FAE04EC0-301F-11D3-BF4B-00C04F79EFBC}") = "ZohoNoSystemWitOnly3And4", "ZohoNoSystemWitOnly3And4\ZohoNoSystemWitOnly3And4.csproj", "{E3E9474A-DBCE-4097-BCBF-6A2A8D732E5E}"
EndProject
Global
	GlobalSection(SolutionConfigurationPlatforms) = preSolution
		Debug|Any CPU = Debug|Any CPU
		Release|Any CPU = Release|Any CPU
	EndGlobalSection
	GlobalSection(ProjectConfigurationPlatforms) = postSolution
		{E3E9474A-DBCE-4097-BCBF-6A2A8D732E5E}.Debug|Any CPU.ActiveCfg = Debug|Any CPU
		{E3E9474A-DBCE-4097-BCBF-6A2A8D732E5E}.Debug|Any CPU.Build.0 = Debug|Any CPU
		{E3E9474A-DBCE-4097-BCBF-6A2A8D732E5E}.Release|Any CPU.ActiveCfg = Release|Any CPU
		{E3E9474A-DBCE-4097-BCBF-6A2A8D732E5E}.Release|Any CPU.Build.0 = Release|Any CPU
	EndGlobalSection
	GlobalSection(SolutionProperties) = preSolution
		HideSolutionNode = FALSE
	EndGlobalSection
	GlobalSection(ExtensibilityGlobals) = postSolution
		SolutionGuid = {A0BD9767-F7E5-4E77-B093-3253C5F76BE3}
	EndGlobalSection
EndGlobal
