
Microsoft Visual Studio Solution File, Format Version 12.00
# Visual Studio Version 17
VisualStudioVersion = 17.2.32602.215
MinimumVisualStudioVersion = 10.0.40219.1
Project("{FAE04EC0-301F-11D3-BF4B-00C04F79EFBC}") = "DependancyInversionPrinciple", "DependancyInversionPrinciple\DependancyInversionPrinciple.csproj", "{FB84F35B-D616-474D-8568-A03A7DC72DDE}"
EndProject
Global
	GlobalSection(SolutionConfigurationPlatforms) = preSolution
		Debug|Any CPU = Debug|Any CPU
		Release|Any CPU = Release|Any CPU
	EndGlobalSection
	GlobalSection(ProjectConfigurationPlatforms) = postSolution
		{FB84F35B-D616-474D-8568-A03A7DC72DDE}.Debug|Any CPU.ActiveCfg = Debug|Any CPU
		{FB84F35B-D616-474D-8568-A03A7DC72DDE}.Debug|Any CPU.Build.0 = Debug|Any CPU
		{FB84F35B-D616-474D-8568-A03A7DC72DDE}.Release|Any CPU.ActiveCfg = Release|Any CPU
		{FB84F35B-D616-474D-8568-A03A7DC72DDE}.Release|Any CPU.Build.0 = Release|Any CPU
	EndGlobalSection
	GlobalSection(SolutionProperties) = preSolution
		HideSolutionNode = FALSE
	EndGlobalSection
	GlobalSection(ExtensibilityGlobals) = postSolution
		SolutionGuid = {F518C95C-7442-4BFC-A048-5C11DA5D4CAB}
	EndGlobalSection
EndGlobal
