
Microsoft Visual Studio Solution File, Format Version 12.00
# Visual Studio Version 17
VisualStudioVersion = 17.2.32630.192
MinimumVisualStudioVersion = 10.0.40219.1
Project("{FAE04EC0-301F-11D3-BF4B-00C04F79EFBC}") = "ZohoMergeTwoDifferentSortedArray", "ZohoMergeTwoDifferentSortedArray\ZohoMergeTwoDifferentSortedArray.csproj", "{30BC8A66-0854-4AF7-9AC4-0B2D0338016A}"
EndProject
Global
	GlobalSection(SolutionConfigurationPlatforms) = preSolution
		Debug|Any CPU = Debug|Any CPU
		Release|Any CPU = Release|Any CPU
	EndGlobalSection
	GlobalSection(ProjectConfigurationPlatforms) = postSolution
		{30BC8A66-0854-4AF7-9AC4-0B2D0338016A}.Debug|Any CPU.ActiveCfg = Debug|Any CPU
		{30BC8A66-0854-4AF7-9AC4-0B2D0338016A}.Debug|Any CPU.Build.0 = Debug|Any CPU
		{30BC8A66-0854-4AF7-9AC4-0B2D0338016A}.Release|Any CPU.ActiveCfg = Release|Any CPU
		{30BC8A66-0854-4AF7-9AC4-0B2D0338016A}.Release|Any CPU.Build.0 = Release|Any CPU
	EndGlobalSection
	GlobalSection(SolutionProperties) = preSolution
		HideSolutionNode = FALSE
	EndGlobalSection
	GlobalSection(ExtensibilityGlobals) = postSolution
		SolutionGuid = {77CC6459-006A-4DD3-8554-FF435CAC26CA}
	EndGlobalSection
EndGlobal
