
Microsoft Visual Studio Solution File, Format Version 12.00
# Visual Studio Version 17
VisualStudioVersion = 17.2.32602.215
MinimumVisualStudioVersion = 10.0.40219.1
Project("{FAE04EC0-301F-11D3-BF4B-00C04F79EFBC}") = "sample student database", "sample student database\sample student database.csproj", "{07826355-1D26-4F6A-A0F3-135BA0AEB690}"
EndProject
Global
	GlobalSection(SolutionConfigurationPlatforms) = preSolution
		Debug|Any CPU = Debug|Any CPU
		Release|Any CPU = Release|Any CPU
	EndGlobalSection
	GlobalSection(ProjectConfigurationPlatforms) = postSolution
		{07826355-1D26-4F6A-A0F3-135BA0AEB690}.Debug|Any CPU.ActiveCfg = Debug|Any CPU
		{07826355-1D26-4F6A-A0F3-135BA0AEB690}.Debug|Any CPU.Build.0 = Debug|Any CPU
		{07826355-1D26-4F6A-A0F3-135BA0AEB690}.Release|Any CPU.ActiveCfg = Release|Any CPU
		{07826355-1D26-4F6A-A0F3-135BA0AEB690}.Release|Any CPU.Build.0 = Release|Any CPU
	EndGlobalSection
	GlobalSection(SolutionProperties) = preSolution
		HideSolutionNode = FALSE
	EndGlobalSection
	GlobalSection(ExtensibilityGlobals) = postSolution
		SolutionGuid = {0F7FE768-11FA-41BC-90E5-F349FE6208D4}
	EndGlobalSection
EndGlobal
