
Microsoft Visual Studio Solution File, Format Version 12.00
# Visual Studio Version 17
VisualStudioVersion = 17.2.32630.192
MinimumVisualStudioVersion = 10.0.40219.1
Project("{FAE04EC0-301F-11D3-BF4B-00C04F79EFBC}") = "ZohoFindingGrandChildrenProgram", "ZohoFindingGrandChildrenProgram\ZohoFindingGrandChildrenProgram.csproj", "{9550CA3F-3AD6-4F3A-B0AF-E06AF11A8450}"
EndProject
Global
	GlobalSection(SolutionConfigurationPlatforms) = preSolution
		Debug|Any CPU = Debug|Any CPU
		Release|Any CPU = Release|Any CPU
	EndGlobalSection
	GlobalSection(ProjectConfigurationPlatforms) = postSolution
		{9550CA3F-3AD6-4F3A-B0AF-E06AF11A8450}.Debug|Any CPU.ActiveCfg = Debug|Any CPU
		{9550CA3F-3AD6-4F3A-B0AF-E06AF11A8450}.Debug|Any CPU.Build.0 = Debug|Any CPU
		{9550CA3F-3AD6-4F3A-B0AF-E06AF11A8450}.Release|Any CPU.ActiveCfg = Release|Any CPU
		{9550CA3F-3AD6-4F3A-B0AF-E06AF11A8450}.Release|Any CPU.Build.0 = Release|Any CPU
	EndGlobalSection
	GlobalSection(SolutionProperties) = preSolution
		HideSolutionNode = FALSE
	EndGlobalSection
	GlobalSection(ExtensibilityGlobals) = postSolution
		SolutionGuid = {12AC3452-9B1E-41B5-A474-004B36773B3D}
	EndGlobalSection
EndGlobal
