
Microsoft Visual Studio Solution File, Format Version 12.00
# Visual Studio Version 17
VisualStudioVersion = 17.2.32602.215
MinimumVisualStudioVersion = 10.0.40219.1
Project("{FAE04EC0-301F-11D3-BF4B-00C04F79EFBC}") = "Queue", "Queue\Queue.csproj", "{7122A5EE-9588-4B91-A468-6B089736A94B}"
EndProject
Global
	GlobalSection(SolutionConfigurationPlatforms) = preSolution
		Debug|Any CPU = Debug|Any CPU
		Release|Any CPU = Release|Any CPU
	EndGlobalSection
	GlobalSection(ProjectConfigurationPlatforms) = postSolution
		{7122A5EE-9588-4B91-A468-6B089736A94B}.Debug|Any CPU.ActiveCfg = Debug|Any CPU
		{7122A5EE-9588-4B91-A468-6B089736A94B}.Debug|Any CPU.Build.0 = Debug|Any CPU
		{7122A5EE-9588-4B91-A468-6B089736A94B}.Release|Any CPU.ActiveCfg = Release|Any CPU
		{7122A5EE-9588-4B91-A468-6B089736A94B}.Release|Any CPU.Build.0 = Release|Any CPU
	EndGlobalSection
	GlobalSection(SolutionProperties) = preSolution
		HideSolutionNode = FALSE
	EndGlobalSection
	GlobalSection(ExtensibilityGlobals) = postSolution
		SolutionGuid = {17303343-6023-45BC-B5DD-CF6D9BDBC6C4}
	EndGlobalSection
EndGlobal
