
Microsoft Visual Studio Solution File, Format Version 12.00
# Visual Studio Version 17
VisualStudioVersion = 17.2.32602.215
MinimumVisualStudioVersion = 10.0.40219.1
Project("{FAE04EC0-301F-11D3-BF4B-00C04F79EFBC}") = "data grid student", "data grid student\data grid student.csproj", "{CE08C061-03FC-4B68-8190-3B50E63A0A77}"
EndProject
Global
	GlobalSection(SolutionConfigurationPlatforms) = preSolution
		Debug|Any CPU = Debug|Any CPU
		Release|Any CPU = Release|Any CPU
	EndGlobalSection
	GlobalSection(ProjectConfigurationPlatforms) = postSolution
		{CE08C061-03FC-4B68-8190-3B50E63A0A77}.Debug|Any CPU.ActiveCfg = Debug|Any CPU
		{CE08C061-03FC-4B68-8190-3B50E63A0A77}.Debug|Any CPU.Build.0 = Debug|Any CPU
		{CE08C061-03FC-4B68-8190-3B50E63A0A77}.Release|Any CPU.ActiveCfg = Release|Any CPU
		{CE08C061-03FC-4B68-8190-3B50E63A0A77}.Release|Any CPU.Build.0 = Release|Any CPU
	EndGlobalSection
	GlobalSection(SolutionProperties) = preSolution
		HideSolutionNode = FALSE
	EndGlobalSection
	GlobalSection(ExtensibilityGlobals) = postSolution
		SolutionGuid = {2F21431C-8787-4B6A-96EC-73D11E2280F3}
	EndGlobalSection
EndGlobal
