
Microsoft Visual Studio Solution File, Format Version 12.00
# Visual Studio Version 17
VisualStudioVersion = 17.2.32630.192
MinimumVisualStudioVersion = 10.0.40219.1
Project("{FAE04EC0-301F-11D3-BF4B-00C04F79EFBC}") = "ZohoPrepFindingStringCount", "ZohoPrepFindingStringCount\ZohoPrepFindingStringCount.csproj", "{A365042E-E818-4584-9BE0-F2E3AAEAC9C9}"
EndProject
Global
	GlobalSection(SolutionConfigurationPlatforms) = preSolution
		Debug|Any CPU = Debug|Any CPU
		Release|Any CPU = Release|Any CPU
	EndGlobalSection
	GlobalSection(ProjectConfigurationPlatforms) = postSolution
		{A365042E-E818-4584-9BE0-F2E3AAEAC9C9}.Debug|Any CPU.ActiveCfg = Debug|Any CPU
		{A365042E-E818-4584-9BE0-F2E3AAEAC9C9}.Debug|Any CPU.Build.0 = Debug|Any CPU
		{A365042E-E818-4584-9BE0-F2E3AAEAC9C9}.Release|Any CPU.ActiveCfg = Release|Any CPU
		{A365042E-E818-4584-9BE0-F2E3AAEAC9C9}.Release|Any CPU.Build.0 = Release|Any CPU
	EndGlobalSection
	GlobalSection(SolutionProperties) = preSolution
		HideSolutionNode = FALSE
	EndGlobalSection
	GlobalSection(ExtensibilityGlobals) = postSolution
		SolutionGuid = {4597AFBF-847D-4571-9DF7-93F76740CE5E}
	EndGlobalSection
EndGlobal
