
Microsoft Visual Studio Solution File, Format Version 12.00
# Visual Studio Version 17
VisualStudioVersion = 17.2.32602.215
MinimumVisualStudioVersion = 10.0.40219.1
Project("{FAE04EC0-301F-11D3-BF4B-00C04F79EFBC}") = "multicast delegates", "multicast delegates\multicast delegates.csproj", "{324D88D8-D1BE-43A0-8ACD-8FBAEF7AA103}"
EndProject
Global
	GlobalSection(SolutionConfigurationPlatforms) = preSolution
		Debug|Any CPU = Debug|Any CPU
		Release|Any CPU = Release|Any CPU
	EndGlobalSection
	GlobalSection(ProjectConfigurationPlatforms) = postSolution
		{324D88D8-D1BE-43A0-8ACD-8FBAEF7AA103}.Debug|Any CPU.ActiveCfg = Debug|Any CPU
		{324D88D8-D1BE-43A0-8ACD-8FBAEF7AA103}.Debug|Any CPU.Build.0 = Debug|Any CPU
		{324D88D8-D1BE-43A0-8ACD-8FBAEF7AA103}.Release|Any CPU.ActiveCfg = Release|Any CPU
		{324D88D8-D1BE-43A0-8ACD-8FBAEF7AA103}.Release|Any CPU.Build.0 = Release|Any CPU
	EndGlobalSection
	GlobalSection(SolutionProperties) = preSolution
		HideSolutionNode = FALSE
	EndGlobalSection
	GlobalSection(ExtensibilityGlobals) = postSolution
		SolutionGuid = {0868FE6B-3A35-404E-831D-2C04A4509A0E}
	EndGlobalSection
EndGlobal
