
Microsoft Visual Studio Solution File, Format Version 12.00
# Visual Studio Version 17
VisualStudioVersion = 17.2.32630.192
MinimumVisualStudioVersion = 10.0.40219.1
Project("{FAE04EC0-301F-11D3-BF4B-00C04F79EFBC}") = "ZohoSnakePatternProblem", "ZohoSnakePatternProblem\ZohoSnakePatternProblem.csproj", "{8E2AD862-330B-4E84-9C65-F2F56C34148A}"
EndProject
Global
	GlobalSection(SolutionConfigurationPlatforms) = preSolution
		Debug|Any CPU = Debug|Any CPU
		Release|Any CPU = Release|Any CPU
	EndGlobalSection
	GlobalSection(ProjectConfigurationPlatforms) = postSolution
		{8E2AD862-330B-4E84-9C65-F2F56C34148A}.Debug|Any CPU.ActiveCfg = Debug|Any CPU
		{8E2AD862-330B-4E84-9C65-F2F56C34148A}.Debug|Any CPU.Build.0 = Debug|Any CPU
		{8E2AD862-330B-4E84-9C65-F2F56C34148A}.Release|Any CPU.ActiveCfg = Release|Any CPU
		{8E2AD862-330B-4E84-9C65-F2F56C34148A}.Release|Any CPU.Build.0 = Release|Any CPU
	EndGlobalSection
	GlobalSection(SolutionProperties) = preSolution
		HideSolutionNode = FALSE
	EndGlobalSection
	GlobalSection(ExtensibilityGlobals) = postSolution
		SolutionGuid = {E2B837B2-42F1-455E-AC66-D81BF36CC6AA}
	EndGlobalSection
EndGlobal
