
Microsoft Visual Studio Solution File, Format Version 12.00
# Visual Studio Version 17
VisualStudioVersion = 17.2.32630.192
MinimumVisualStudioVersion = 10.0.40219.1
Project("{FAE04EC0-301F-11D3-BF4B-00C04F79EFBC}") = "OptimizedBubbleSort", "OptimizedBubbleSort\OptimizedBubbleSort.csproj", "{003F659B-EF6B-46CE-8CC5-AF73C3910CEE}"
EndProject
Global
	GlobalSection(SolutionConfigurationPlatforms) = preSolution
		Debug|Any CPU = Debug|Any CPU
		Release|Any CPU = Release|Any CPU
	EndGlobalSection
	GlobalSection(ProjectConfigurationPlatforms) = postSolution
		{003F659B-EF6B-46CE-8CC5-AF73C3910CEE}.Debug|Any CPU.ActiveCfg = Debug|Any CPU
		{003F659B-EF6B-46CE-8CC5-AF73C3910CEE}.Debug|Any CPU.Build.0 = Debug|Any CPU
		{003F659B-EF6B-46CE-8CC5-AF73C3910CEE}.Release|Any CPU.ActiveCfg = Release|Any CPU
		{003F659B-EF6B-46CE-8CC5-AF73C3910CEE}.Release|Any CPU.Build.0 = Release|Any CPU
	EndGlobalSection
	GlobalSection(SolutionProperties) = preSolution
		HideSolutionNode = FALSE
	EndGlobalSection
	GlobalSection(ExtensibilityGlobals) = postSolution
		SolutionGuid = {E2EEB595-AB97-4770-8CC6-D4BCEA6D47AF}
	EndGlobalSection
EndGlobal
